
Microsoft Visual Studio Solution File, Format Version 12.00
# Visual Studio 15
VisualStudioVersion = 15.0.26606.0
MinimumVisualStudioVersion = 10.0.40219.1
Project("{9A19103F-16F7-4668-BE54-9A1E7A4F7556}") = "TundraEngine", "TundraEngine\TundraEngine.csproj", "{AA44B57B-B68E-4F83-ACED-16EEA2E8983F}"
EndProject
Project("{9A19103F-16F7-4668-BE54-9A1E7A4F7556}") = "CoreSDL", "CoreSDL\CoreSDL.csproj", "{BA83D7DE-9AC4-4176-A925-6427F26ADB64}"
EndProject
Project("{9A19103F-16F7-4668-BE54-9A1E7A4F7556}") = "TundraBreakout", "TundraBreakout\TundraBreakout.csproj", "{6BF05C15-D3C1-4186-90F7-D3E0754BF053}"
EndProject
Global
	GlobalSection(SolutionConfigurationPlatforms) = preSolution
		Debug|Any CPU = Debug|Any CPU
		Debug|x64 = Debug|x64
		Release|Any CPU = Release|Any CPU
		Release|x64 = Release|x64
	EndGlobalSection
	GlobalSection(ProjectConfigurationPlatforms) = postSolution
		{AA44B57B-B68E-4F83-ACED-16EEA2E8983F}.Debug|Any CPU.ActiveCfg = Debug|Any CPU
		{AA44B57B-B68E-4F83-ACED-16EEA2E8983F}.Debug|Any CPU.Build.0 = Debug|Any CPU
		{AA44B57B-B68E-4F83-ACED-16EEA2E8983F}.Debug|x64.ActiveCfg = Debug|x64
		{AA44B57B-B68E-4F83-ACED-16EEA2E8983F}.Debug|x64.Build.0 = Debug|x64
		{AA44B57B-B68E-4F83-ACED-16EEA2E8983F}.Release|Any CPU.ActiveCfg = Release|Any CPU
		{AA44B57B-B68E-4F83-ACED-16EEA2E8983F}.Release|Any CPU.Build.0 = Release|Any CPU
		{AA44B57B-B68E-4F83-ACED-16EEA2E8983F}.Release|x64.ActiveCfg = Release|x64
		{AA44B57B-B68E-4F83-ACED-16EEA2E8983F}.Release|x64.Build.0 = Release|x64
		{BA83D7DE-9AC4-4176-A925-6427F26ADB64}.Debug|Any CPU.ActiveCfg = Debug|Any CPU
		{BA83D7DE-9AC4-4176-A925-6427F26ADB64}.Debug|Any CPU.Build.0 = Debug|Any CPU
		{BA83D7DE-9AC4-4176-A925-6427F26ADB64}.Debug|x64.ActiveCfg = Debug|Any CPU
		{BA83D7DE-9AC4-4176-A925-6427F26ADB64}.Debug|x64.Build.0 = Debug|Any CPU
		{BA83D7DE-9AC4-4176-A925-6427F26ADB64}.Release|Any CPU.ActiveCfg = Release|Any CPU
		{BA83D7DE-9AC4-4176-A925-6427F26ADB64}.Release|Any CPU.Build.0 = Release|Any CPU
		{BA83D7DE-9AC4-4176-A925-6427F26ADB64}.Release|x64.ActiveCfg = Release|Any CPU
		{BA83D7DE-9AC4-4176-A925-6427F26ADB64}.Release|x64.Build.0 = Release|Any CPU
		{6BF05C15-D3C1-4186-90F7-D3E0754BF053}.Debug|Any CPU.ActiveCfg = Debug|Any CPU
		{6BF05C15-D3C1-4186-90F7-D3E0754BF053}.Debug|Any CPU.Build.0 = Debug|Any CPU
		{6BF05C15-D3C1-4186-90F7-D3E0754BF053}.Debug|x64.ActiveCfg = Debug|Any CPU
		{6BF05C15-D3C1-4186-90F7-D3E0754BF053}.Debug|x64.Build.0 = Debug|Any CPU
		{6BF05C15-D3C1-4186-90F7-D3E0754BF053}.Release|Any CPU.ActiveCfg = Release|Any CPU
		{6BF05C15-D3C1-4186-90F7-D3E0754BF053}.Release|Any CPU.Build.0 = Release|Any CPU
		{6BF05C15-D3C1-4186-90F7-D3E0754BF053}.Release|x64.ActiveCfg = Release|Any CPU
		{6BF05C15-D3C1-4186-90F7-D3E0754BF053}.Release|x64.Build.0 = Release|Any CPU
	EndGlobalSection
	GlobalSection(SolutionProperties) = preSolution
		HideSolutionNode = FALSE
	EndGlobalSection
EndGlobal
