
Microsoft Visual Studio Solution File, Format Version 12.00
# Visual Studio 15
VisualStudioVersion = 15.0.26608.5
MinimumVisualStudioVersion = 10.0.40219.1
Project("{9A19103F-16F7-4668-BE54-9A1E7A4F7556}") = "TundraEngine", "TundraEngine\TundraEngine.csproj", "{AA44B57B-B68E-4F83-ACED-16EEA2E8983F}"
EndProject
Project("{9A19103F-16F7-4668-BE54-9A1E7A4F7556}") = "CoreSDL", "CoreSDL\CoreSDL.csproj", "{BA83D7DE-9AC4-4176-A925-6427F26ADB64}"
EndProject
Project("{9A19103F-16F7-4668-BE54-9A1E7A4F7556}") = "TundraBreakout", "TundraBreakout\TundraBreakout.csproj", "{6BF05C15-D3C1-4186-90F7-D3E0754BF053}"
EndProject
Project("{FAE04EC0-301F-11D3-BF4B-00C04F79EFBC}") = "TundraEditor", "TundraEditor\TundraEditor.csproj", "{91A9BE61-59B6-445A-AB40-4D7AA63C6F7A}"
EndProject
Global
	GlobalSection(SolutionConfigurationPlatforms) = preSolution
		Debug|x64 = Debug|x64
		Release|x64 = Release|x64
	EndGlobalSection
	GlobalSection(ProjectConfigurationPlatforms) = postSolution
		{AA44B57B-B68E-4F83-ACED-16EEA2E8983F}.Debug|x64.ActiveCfg = Debug|x64
		{AA44B57B-B68E-4F83-ACED-16EEA2E8983F}.Debug|x64.Build.0 = Debug|x64
		{AA44B57B-B68E-4F83-ACED-16EEA2E8983F}.Release|x64.ActiveCfg = Release|x64
		{AA44B57B-B68E-4F83-ACED-16EEA2E8983F}.Release|x64.Build.0 = Release|x64
		{BA83D7DE-9AC4-4176-A925-6427F26ADB64}.Debug|x64.ActiveCfg = Debug|x64
		{BA83D7DE-9AC4-4176-A925-6427F26ADB64}.Debug|x64.Build.0 = Debug|x64
		{BA83D7DE-9AC4-4176-A925-6427F26ADB64}.Release|x64.ActiveCfg = Release|x64
		{BA83D7DE-9AC4-4176-A925-6427F26ADB64}.Release|x64.Build.0 = Release|x64
		{6BF05C15-D3C1-4186-90F7-D3E0754BF053}.Debug|x64.ActiveCfg = Debug|x64
		{6BF05C15-D3C1-4186-90F7-D3E0754BF053}.Debug|x64.Build.0 = Debug|x64
		{6BF05C15-D3C1-4186-90F7-D3E0754BF053}.Release|x64.ActiveCfg = Release|x64
		{6BF05C15-D3C1-4186-90F7-D3E0754BF053}.Release|x64.Build.0 = Release|x64
		{91A9BE61-59B6-445A-AB40-4D7AA63C6F7A}.Debug|x64.ActiveCfg = Debug|x64
		{91A9BE61-59B6-445A-AB40-4D7AA63C6F7A}.Debug|x64.Build.0 = Debug|x64
		{91A9BE61-59B6-445A-AB40-4D7AA63C6F7A}.Release|x64.ActiveCfg = Release|x64
		{91A9BE61-59B6-445A-AB40-4D7AA63C6F7A}.Release|x64.Build.0 = Release|x64
	EndGlobalSection
	GlobalSection(SolutionProperties) = preSolution
		HideSolutionNode = FALSE
	EndGlobalSection
EndGlobal
